
Microsoft Visual Studio Solution File, Format Version 12.00
# Visual Studio Version 17
VisualStudioVersion = 17.7.34202.233
MinimumVisualStudioVersion = 10.0.40219.1
Project("{FAE04EC0-301F-11D3-BF4B-00C04F79EFBC}") = "PropertyListing.Server", "PropertyListing\Server\PropertyListing.Server.csproj", "{603F7186-BB4A-4B7E-A64D-EE4AA6D1BBD5}"
EndProject
Project("{FAE04EC0-301F-11D3-BF4B-00C04F79EFBC}") = "PropertyListing.Client", "PropertyListing\Client\PropertyListing.Client.csproj", "{8D5B16B2-ABC4-44B7-A391-B138765E2056}"
EndProject
Project("{FAE04EC0-301F-11D3-BF4B-00C04F79EFBC}") = "PropertyListing.Shared", "PropertyListing\Shared\PropertyListing.Shared.csproj", "{1BFE0572-6AED-4790-A9EE-DF80B5E247AF}"
EndProject
Global
	GlobalSection(SolutionConfigurationPlatforms) = preSolution
		Debug|Any CPU = Debug|Any CPU
		Release|Any CPU = Release|Any CPU
	EndGlobalSection
	GlobalSection(ProjectConfigurationPlatforms) = postSolution
		{603F7186-BB4A-4B7E-A64D-EE4AA6D1BBD5}.Debug|Any CPU.ActiveCfg = Debug|Any CPU
		{603F7186-BB4A-4B7E-A64D-EE4AA6D1BBD5}.Debug|Any CPU.Build.0 = Debug|Any CPU
		{603F7186-BB4A-4B7E-A64D-EE4AA6D1BBD5}.Release|Any CPU.ActiveCfg = Release|Any CPU
		{603F7186-BB4A-4B7E-A64D-EE4AA6D1BBD5}.Release|Any CPU.Build.0 = Release|Any CPU
		{8D5B16B2-ABC4-44B7-A391-B138765E2056}.Debug|Any CPU.ActiveCfg = Debug|Any CPU
		{8D5B16B2-ABC4-44B7-A391-B138765E2056}.Debug|Any CPU.Build.0 = Debug|Any CPU
		{8D5B16B2-ABC4-44B7-A391-B138765E2056}.Release|Any CPU.ActiveCfg = Release|Any CPU
		{8D5B16B2-ABC4-44B7-A391-B138765E2056}.Release|Any CPU.Build.0 = Release|Any CPU
		{1BFE0572-6AED-4790-A9EE-DF80B5E247AF}.Debug|Any CPU.ActiveCfg = Debug|Any CPU
		{1BFE0572-6AED-4790-A9EE-DF80B5E247AF}.Debug|Any CPU.Build.0 = Debug|Any CPU
		{1BFE0572-6AED-4790-A9EE-DF80B5E247AF}.Release|Any CPU.ActiveCfg = Release|Any CPU
		{1BFE0572-6AED-4790-A9EE-DF80B5E247AF}.Release|Any CPU.Build.0 = Release|Any CPU
	EndGlobalSection
	GlobalSection(SolutionProperties) = preSolution
		HideSolutionNode = FALSE
	EndGlobalSection
	GlobalSection(ExtensibilityGlobals) = postSolution
		SolutionGuid = {84AED859-E23B-45C3-B13D-34956FAF3DCB}
	EndGlobalSection
EndGlobal
